
Microsoft Visual Studio Solution File, Format Version 12.00
# Visual Studio 15
Project("{FAE04EC0-301F-11D3-BF4B-00C04F79EFBC}") = "UnityEngine.TestRunner", "UnityEngine.TestRunner.csproj", "{18119224-8441-B0EE-9F1C-ADA46D610687}"
EndProject
Project("{FAE04EC0-301F-11D3-BF4B-00C04F79EFBC}") = "Unity.Mathematics", "Unity.Mathematics.csproj", "{86A63EB7-41CA-6BCD-1372-F801E1E532C8}"
EndProject
Project("{FAE04EC0-301F-11D3-BF4B-00C04F79EFBC}") = "Unity.2D.Animation.Triangle.Runtime", "Unity.2D.Animation.Triangle.Runtime.csproj", "{7F0CB795-F7C1-93F0-2F5F-8F145C58C031}"
EndProject
Project("{FAE04EC0-301F-11D3-BF4B-00C04F79EFBC}") = "Unity.Timeline", "Unity.Timeline.csproj", "{4ED3225A-B380-7229-BF21-55A7AB03EA83}"
EndProject
Project("{FAE04EC0-301F-11D3-BF4B-00C04F79EFBC}") = "Assembly-CSharp", "Assembly-CSharp.csproj", "{3DFF1B40-181C-5636-C2A1-EB505695AC39}"
EndProject
Project("{FAE04EC0-301F-11D3-BF4B-00C04F79EFBC}") = "Unity.TextMeshPro", "Unity.TextMeshPro.csproj", "{74928212-A5B8-9BC0-4A9E-060E05C3B399}"
EndProject
Project("{FAE04EC0-301F-11D3-BF4B-00C04F79EFBC}") = "Unity.2D.Animation.Runtime", "Unity.2D.Animation.Runtime.csproj", "{4D46D403-0711-BE4D-ABC5-F21FCFE93E39}"
EndProject
Project("{FAE04EC0-301F-11D3-BF4B-00C04F79EFBC}") = "Unity.2D.IK.Runtime", "Unity.2D.IK.Runtime.csproj", "{13D9F8AA-D10B-C6DF-DFA4-8D0E4DE2F5BA}"
EndProject
Project("{FAE04EC0-301F-11D3-BF4B-00C04F79EFBC}") = "Unity.2D.SpriteShape.Runtime", "Unity.2D.SpriteShape.Runtime.csproj", "{52202EA1-4C6E-0C07-1209-E46E1F0940D0}"
EndProject
Project("{FAE04EC0-301F-11D3-BF4B-00C04F79EFBC}") = "Unity.2D.PixelPerfect", "Unity.2D.PixelPerfect.csproj", "{70C477DD-C42A-F698-235A-60246EC87B3C}"
EndProject
Project("{FAE04EC0-301F-11D3-BF4B-00C04F79EFBC}") = "Unity.2D.Common.Runtime", "Unity.2D.Common.Runtime.csproj", "{295856AC-3278-643F-C5E3-5AAC0911927F}"
EndProject
Project("{FAE04EC0-301F-11D3-BF4B-00C04F79EFBC}") = "Unity.InternalAPIEngineBridge.001", "Unity.InternalAPIEngineBridge.001.csproj", "{1276E4B7-FE1A-E6B8-4BFE-BFD64526CE9A}"
EndProject
Project("{FAE04EC0-301F-11D3-BF4B-00C04F79EFBC}") = "UnityEditor.TestRunner", "UnityEditor.TestRunner.csproj", "{508F813F-C595-D9D5-1DAC-D5AA0DAD5642}"
EndProject
Project("{FAE04EC0-301F-11D3-BF4B-00C04F79EFBC}") = "Unity.PlasticSCM.Editor", "Unity.PlasticSCM.Editor.csproj", "{97BCCF5F-4E24-0414-D631-041C71FAEFB4}"
EndProject
Project("{FAE04EC0-301F-11D3-BF4B-00C04F79EFBC}") = "Unity.Timeline.Editor", "Unity.Timeline.Editor.csproj", "{73F9B3E5-AF0F-6803-DBBA-5908F9798CDA}"
EndProject
Project("{FAE04EC0-301F-11D3-BF4B-00C04F79EFBC}") = "Unity.VisualStudio.Editor", "Unity.VisualStudio.Editor.csproj", "{7EA45EA3-662E-4DFD-FFAE-BF55DAA4C056}"
EndProject
Project("{FAE04EC0-301F-11D3-BF4B-00C04F79EFBC}") = "Unity.2D.Psdimporter.Editor", "Unity.2D.Psdimporter.Editor.csproj", "{043D675E-D263-03BD-BC27-C293898A8BDC}"
EndProject
Project("{FAE04EC0-301F-11D3-BF4B-00C04F79EFBC}") = "Unity.2D.Animation.Editor", "Unity.2D.Animation.Editor.csproj", "{E2D7AF12-2B66-4950-4637-758BD7152B33}"
EndProject
Project("{FAE04EC0-301F-11D3-BF4B-00C04F79EFBC}") = "Unity.TextMeshPro.Editor", "Unity.TextMeshPro.Editor.csproj", "{34903408-B7E3-F2FE-32C1-6948DDBC0CA3}"
EndProject
Project("{FAE04EC0-301F-11D3-BF4B-00C04F79EFBC}") = "Unity.2D.SpriteShape.Editor", "Unity.2D.SpriteShape.Editor.csproj", "{3480D3B4-9878-3CFD-0EED-08833412542C}"
EndProject
Project("{FAE04EC0-301F-11D3-BF4B-00C04F79EFBC}") = "Unity.CollabProxy.Editor", "Unity.CollabProxy.Editor.csproj", "{34E0DF40-437B-8F24-87E7-81FDC098B6A2}"
EndProject
Project("{FAE04EC0-301F-11D3-BF4B-00C04F79EFBC}") = "PsdPlugin", "PsdPlugin.csproj", "{E6EA2956-30A4-5637-1738-0D0D1C82A2C8}"
EndProject
Project("{FAE04EC0-301F-11D3-BF4B-00C04F79EFBC}") = "Unity.2D.Path.Editor", "Unity.2D.Path.Editor.csproj", "{060B96F0-DEEC-19BB-ED92-DBD023615AEA}"
EndProject
Project("{FAE04EC0-301F-11D3-BF4B-00C04F79EFBC}") = "Unity.Rider.Editor", "Unity.Rider.Editor.csproj", "{FEE92ACD-A50E-8A57-ED7C-3419799CAB6B}"
EndProject
Project("{FAE04EC0-301F-11D3-BF4B-00C04F79EFBC}") = "Unity.2D.IK.Editor", "Unity.2D.IK.Editor.csproj", "{9DD20B7A-2DFD-2EE5-8200-EA2731720CAD}"
EndProject
Project("{FAE04EC0-301F-11D3-BF4B-00C04F79EFBC}") = "Unity.2D.PixelPerfect.Editor", "Unity.2D.PixelPerfect.Editor.csproj", "{38D60369-3A09-6AB8-60B6-5FFD0370BE6E}"
EndProject
Project("{FAE04EC0-301F-11D3-BF4B-00C04F79EFBC}") = "Unity.VSCode.Editor", "Unity.VSCode.Editor.csproj", "{23AC7AA6-E2C3-BA4A-B11C-993A8670E88A}"
EndProject
Project("{FAE04EC0-301F-11D3-BF4B-00C04F79EFBC}") = "Unity.2D.Common.Editor", "Unity.2D.Common.Editor.csproj", "{E9D19E1B-2FDA-CC29-B63E-C6DD9FD1E31B}"
EndProject
Project("{FAE04EC0-301F-11D3-BF4B-00C04F79EFBC}") = "Unity.Mathematics.Editor", "Unity.Mathematics.Editor.csproj", "{3A218EC8-57CA-3EB9-581D-23C92A81817E}"
EndProject
Project("{FAE04EC0-301F-11D3-BF4B-00C04F79EFBC}") = "Unity.InternalAPIEditorBridge.001", "Unity.InternalAPIEditorBridge.001.csproj", "{0AA0E3B0-2DFA-5A37-7780-F27B866E6877}"
EndProject
Global
	GlobalSection(SolutionConfigurationPlatforms) = preSolution
		Debug|Any CPU = Debug|Any CPU
		Release|Any CPU = Release|Any CPU
	EndGlobalSection
	GlobalSection(ProjectConfigurationPlatforms) = postSolution
		{18119224-8441-B0EE-9F1C-ADA46D610687}.Debug|Any CPU.ActiveCfg = Debug|Any CPU
		{18119224-8441-B0EE-9F1C-ADA46D610687}.Debug|Any CPU.Build.0 = Debug|Any CPU
		{18119224-8441-B0EE-9F1C-ADA46D610687}.Release|Any CPU.ActiveCfg = Release|Any CPU
		{18119224-8441-B0EE-9F1C-ADA46D610687}.Release|Any CPU.Build.0 = Release|Any CPU
		{86A63EB7-41CA-6BCD-1372-F801E1E532C8}.Debug|Any CPU.ActiveCfg = Debug|Any CPU
		{86A63EB7-41CA-6BCD-1372-F801E1E532C8}.Debug|Any CPU.Build.0 = Debug|Any CPU
		{86A63EB7-41CA-6BCD-1372-F801E1E532C8}.Release|Any CPU.ActiveCfg = Release|Any CPU
		{86A63EB7-41CA-6BCD-1372-F801E1E532C8}.Release|Any CPU.Build.0 = Release|Any CPU
		{7F0CB795-F7C1-93F0-2F5F-8F145C58C031}.Debug|Any CPU.ActiveCfg = Debug|Any CPU
		{7F0CB795-F7C1-93F0-2F5F-8F145C58C031}.Debug|Any CPU.Build.0 = Debug|Any CPU
		{7F0CB795-F7C1-93F0-2F5F-8F145C58C031}.Release|Any CPU.ActiveCfg = Release|Any CPU
		{7F0CB795-F7C1-93F0-2F5F-8F145C58C031}.Release|Any CPU.Build.0 = Release|Any CPU
		{4ED3225A-B380-7229-BF21-55A7AB03EA83}.Debug|Any CPU.ActiveCfg = Debug|Any CPU
		{4ED3225A-B380-7229-BF21-55A7AB03EA83}.Debug|Any CPU.Build.0 = Debug|Any CPU
		{4ED3225A-B380-7229-BF21-55A7AB03EA83}.Release|Any CPU.ActiveCfg = Release|Any CPU
		{4ED3225A-B380-7229-BF21-55A7AB03EA83}.Release|Any CPU.Build.0 = Release|Any CPU
		{3DFF1B40-181C-5636-C2A1-EB505695AC39}.Debug|Any CPU.ActiveCfg = Debug|Any CPU
		{3DFF1B40-181C-5636-C2A1-EB505695AC39}.Debug|Any CPU.Build.0 = Debug|Any CPU
		{3DFF1B40-181C-5636-C2A1-EB505695AC39}.Release|Any CPU.ActiveCfg = Release|Any CPU
		{3DFF1B40-181C-5636-C2A1-EB505695AC39}.Release|Any CPU.Build.0 = Release|Any CPU
		{74928212-A5B8-9BC0-4A9E-060E05C3B399}.Debug|Any CPU.ActiveCfg = Debug|Any CPU
		{74928212-A5B8-9BC0-4A9E-060E05C3B399}.Debug|Any CPU.Build.0 = Debug|Any CPU
		{74928212-A5B8-9BC0-4A9E-060E05C3B399}.Release|Any CPU.ActiveCfg = Release|Any CPU
		{74928212-A5B8-9BC0-4A9E-060E05C3B399}.Release|Any CPU.Build.0 = Release|Any CPU
		{4D46D403-0711-BE4D-ABC5-F21FCFE93E39}.Debug|Any CPU.ActiveCfg = Debug|Any CPU
		{4D46D403-0711-BE4D-ABC5-F21FCFE93E39}.Debug|Any CPU.Build.0 = Debug|Any CPU
		{4D46D403-0711-BE4D-ABC5-F21FCFE93E39}.Release|Any CPU.ActiveCfg = Release|Any CPU
		{4D46D403-0711-BE4D-ABC5-F21FCFE93E39}.Release|Any CPU.Build.0 = Release|Any CPU
		{13D9F8AA-D10B-C6DF-DFA4-8D0E4DE2F5BA}.Debug|Any CPU.ActiveCfg = Debug|Any CPU
		{13D9F8AA-D10B-C6DF-DFA4-8D0E4DE2F5BA}.Debug|Any CPU.Build.0 = Debug|Any CPU
		{13D9F8AA-D10B-C6DF-DFA4-8D0E4DE2F5BA}.Release|Any CPU.ActiveCfg = Release|Any CPU
		{13D9F8AA-D10B-C6DF-DFA4-8D0E4DE2F5BA}.Release|Any CPU.Build.0 = Release|Any CPU
		{52202EA1-4C6E-0C07-1209-E46E1F0940D0}.Debug|Any CPU.ActiveCfg = Debug|Any CPU
		{52202EA1-4C6E-0C07-1209-E46E1F0940D0}.Debug|Any CPU.Build.0 = Debug|Any CPU
		{52202EA1-4C6E-0C07-1209-E46E1F0940D0}.Release|Any CPU.ActiveCfg = Release|Any CPU
		{52202EA1-4C6E-0C07-1209-E46E1F0940D0}.Release|Any CPU.Build.0 = Release|Any CPU
		{70C477DD-C42A-F698-235A-60246EC87B3C}.Debug|Any CPU.ActiveCfg = Debug|Any CPU
		{70C477DD-C42A-F698-235A-60246EC87B3C}.Debug|Any CPU.Build.0 = Debug|Any CPU
		{70C477DD-C42A-F698-235A-60246EC87B3C}.Release|Any CPU.ActiveCfg = Release|Any CPU
		{70C477DD-C42A-F698-235A-60246EC87B3C}.Release|Any CPU.Build.0 = Release|Any CPU
		{295856AC-3278-643F-C5E3-5AAC0911927F}.Debug|Any CPU.ActiveCfg = Debug|Any CPU
		{295856AC-3278-643F-C5E3-5AAC0911927F}.Debug|Any CPU.Build.0 = Debug|Any CPU
		{295856AC-3278-643F-C5E3-5AAC0911927F}.Release|Any CPU.ActiveCfg = Release|Any CPU
		{295856AC-3278-643F-C5E3-5AAC0911927F}.Release|Any CPU.Build.0 = Release|Any CPU
		{1276E4B7-FE1A-E6B8-4BFE-BFD64526CE9A}.Debug|Any CPU.ActiveCfg = Debug|Any CPU
		{1276E4B7-FE1A-E6B8-4BFE-BFD64526CE9A}.Debug|Any CPU.Build.0 = Debug|Any CPU
		{1276E4B7-FE1A-E6B8-4BFE-BFD64526CE9A}.Release|Any CPU.ActiveCfg = Release|Any CPU
		{1276E4B7-FE1A-E6B8-4BFE-BFD64526CE9A}.Release|Any CPU.Build.0 = Release|Any CPU
		{508F813F-C595-D9D5-1DAC-D5AA0DAD5642}.Debug|Any CPU.ActiveCfg = Debug|Any CPU
		{508F813F-C595-D9D5-1DAC-D5AA0DAD5642}.Debug|Any CPU.Build.0 = Debug|Any CPU
		{508F813F-C595-D9D5-1DAC-D5AA0DAD5642}.Release|Any CPU.ActiveCfg = Release|Any CPU
		{508F813F-C595-D9D5-1DAC-D5AA0DAD5642}.Release|Any CPU.Build.0 = Release|Any CPU
		{97BCCF5F-4E24-0414-D631-041C71FAEFB4}.Debug|Any CPU.ActiveCfg = Debug|Any CPU
		{97BCCF5F-4E24-0414-D631-041C71FAEFB4}.Debug|Any CPU.Build.0 = Debug|Any CPU
		{97BCCF5F-4E24-0414-D631-041C71FAEFB4}.Release|Any CPU.ActiveCfg = Release|Any CPU
		{97BCCF5F-4E24-0414-D631-041C71FAEFB4}.Release|Any CPU.Build.0 = Release|Any CPU
		{73F9B3E5-AF0F-6803-DBBA-5908F9798CDA}.Debug|Any CPU.ActiveCfg = Debug|Any CPU
		{73F9B3E5-AF0F-6803-DBBA-5908F9798CDA}.Debug|Any CPU.Build.0 = Debug|Any CPU
		{73F9B3E5-AF0F-6803-DBBA-5908F9798CDA}.Release|Any CPU.ActiveCfg = Release|Any CPU
		{73F9B3E5-AF0F-6803-DBBA-5908F9798CDA}.Release|Any CPU.Build.0 = Release|Any CPU
		{7EA45EA3-662E-4DFD-FFAE-BF55DAA4C056}.Debug|Any CPU.ActiveCfg = Debug|Any CPU
		{7EA45EA3-662E-4DFD-FFAE-BF55DAA4C056}.Debug|Any CPU.Build.0 = Debug|Any CPU
		{7EA45EA3-662E-4DFD-FFAE-BF55DAA4C056}.Release|Any CPU.ActiveCfg = Release|Any CPU
		{7EA45EA3-662E-4DFD-FFAE-BF55DAA4C056}.Release|Any CPU.Build.0 = Release|Any CPU
		{043D675E-D263-03BD-BC27-C293898A8BDC}.Debug|Any CPU.ActiveCfg = Debug|Any CPU
		{043D675E-D263-03BD-BC27-C293898A8BDC}.Debug|Any CPU.Build.0 = Debug|Any CPU
		{043D675E-D263-03BD-BC27-C293898A8BDC}.Release|Any CPU.ActiveCfg = Release|Any CPU
		{043D675E-D263-03BD-BC27-C293898A8BDC}.Release|Any CPU.Build.0 = Release|Any CPU
		{E2D7AF12-2B66-4950-4637-758BD7152B33}.Debug|Any CPU.ActiveCfg = Debug|Any CPU
		{E2D7AF12-2B66-4950-4637-758BD7152B33}.Debug|Any CPU.Build.0 = Debug|Any CPU
		{E2D7AF12-2B66-4950-4637-758BD7152B33}.Release|Any CPU.ActiveCfg = Release|Any CPU
		{E2D7AF12-2B66-4950-4637-758BD7152B33}.Release|Any CPU.Build.0 = Release|Any CPU
		{34903408-B7E3-F2FE-32C1-6948DDBC0CA3}.Debug|Any CPU.ActiveCfg = Debug|Any CPU
		{34903408-B7E3-F2FE-32C1-6948DDBC0CA3}.Debug|Any CPU.Build.0 = Debug|Any CPU
		{34903408-B7E3-F2FE-32C1-6948DDBC0CA3}.Release|Any CPU.ActiveCfg = Release|Any CPU
		{34903408-B7E3-F2FE-32C1-6948DDBC0CA3}.Release|Any CPU.Build.0 = Release|Any CPU
		{3480D3B4-9878-3CFD-0EED-08833412542C}.Debug|Any CPU.ActiveCfg = Debug|Any CPU
		{3480D3B4-9878-3CFD-0EED-08833412542C}.Debug|Any CPU.Build.0 = Debug|Any CPU
		{3480D3B4-9878-3CFD-0EED-08833412542C}.Release|Any CPU.ActiveCfg = Release|Any CPU
		{3480D3B4-9878-3CFD-0EED-08833412542C}.Release|Any CPU.Build.0 = Release|Any CPU
		{34E0DF40-437B-8F24-87E7-81FDC098B6A2}.Debug|Any CPU.ActiveCfg = Debug|Any CPU
		{34E0DF40-437B-8F24-87E7-81FDC098B6A2}.Debug|Any CPU.Build.0 = Debug|Any CPU
		{34E0DF40-437B-8F24-87E7-81FDC098B6A2}.Release|Any CPU.ActiveCfg = Release|Any CPU
		{34E0DF40-437B-8F24-87E7-81FDC098B6A2}.Release|Any CPU.Build.0 = Release|Any CPU
		{E6EA2956-30A4-5637-1738-0D0D1C82A2C8}.Debug|Any CPU.ActiveCfg = Debug|Any CPU
		{E6EA2956-30A4-5637-1738-0D0D1C82A2C8}.Debug|Any CPU.Build.0 = Debug|Any CPU
		{E6EA2956-30A4-5637-1738-0D0D1C82A2C8}.Release|Any CPU.ActiveCfg = Release|Any CPU
		{E6EA2956-30A4-5637-1738-0D0D1C82A2C8}.Release|Any CPU.Build.0 = Release|Any CPU
		{060B96F0-DEEC-19BB-ED92-DBD023615AEA}.Debug|Any CPU.ActiveCfg = Debug|Any CPU
		{060B96F0-DEEC-19BB-ED92-DBD023615AEA}.Debug|Any CPU.Build.0 = Debug|Any CPU
		{060B96F0-DEEC-19BB-ED92-DBD023615AEA}.Release|Any CPU.ActiveCfg = Release|Any CPU
		{060B96F0-DEEC-19BB-ED92-DBD023615AEA}.Release|Any CPU.Build.0 = Release|Any CPU
		{FEE92ACD-A50E-8A57-ED7C-3419799CAB6B}.Debug|Any CPU.ActiveCfg = Debug|Any CPU
		{FEE92ACD-A50E-8A57-ED7C-3419799CAB6B}.Debug|Any CPU.Build.0 = Debug|Any CPU
		{FEE92ACD-A50E-8A57-ED7C-3419799CAB6B}.Release|Any CPU.ActiveCfg = Release|Any CPU
		{FEE92ACD-A50E-8A57-ED7C-3419799CAB6B}.Release|Any CPU.Build.0 = Release|Any CPU
		{9DD20B7A-2DFD-2EE5-8200-EA2731720CAD}.Debug|Any CPU.ActiveCfg = Debug|Any CPU
		{9DD20B7A-2DFD-2EE5-8200-EA2731720CAD}.Debug|Any CPU.Build.0 = Debug|Any CPU
		{9DD20B7A-2DFD-2EE5-8200-EA2731720CAD}.Release|Any CPU.ActiveCfg = Release|Any CPU
		{9DD20B7A-2DFD-2EE5-8200-EA2731720CAD}.Release|Any CPU.Build.0 = Release|Any CPU
		{38D60369-3A09-6AB8-60B6-5FFD0370BE6E}.Debug|Any CPU.ActiveCfg = Debug|Any CPU
		{38D60369-3A09-6AB8-60B6-5FFD0370BE6E}.Debug|Any CPU.Build.0 = Debug|Any CPU
		{38D60369-3A09-6AB8-60B6-5FFD0370BE6E}.Release|Any CPU.ActiveCfg = Release|Any CPU
		{38D60369-3A09-6AB8-60B6-5FFD0370BE6E}.Release|Any CPU.Build.0 = Release|Any CPU
		{23AC7AA6-E2C3-BA4A-B11C-993A8670E88A}.Debug|Any CPU.ActiveCfg = Debug|Any CPU
		{23AC7AA6-E2C3-BA4A-B11C-993A8670E88A}.Debug|Any CPU.Build.0 = Debug|Any CPU
		{23AC7AA6-E2C3-BA4A-B11C-993A8670E88A}.Release|Any CPU.ActiveCfg = Release|Any CPU
		{23AC7AA6-E2C3-BA4A-B11C-993A8670E88A}.Release|Any CPU.Build.0 = Release|Any CPU
		{E9D19E1B-2FDA-CC29-B63E-C6DD9FD1E31B}.Debug|Any CPU.ActiveCfg = Debug|Any CPU
		{E9D19E1B-2FDA-CC29-B63E-C6DD9FD1E31B}.Debug|Any CPU.Build.0 = Debug|Any CPU
		{E9D19E1B-2FDA-CC29-B63E-C6DD9FD1E31B}.Release|Any CPU.ActiveCfg = Release|Any CPU
		{E9D19E1B-2FDA-CC29-B63E-C6DD9FD1E31B}.Release|Any CPU.Build.0 = Release|Any CPU
		{3A218EC8-57CA-3EB9-581D-23C92A81817E}.Debug|Any CPU.ActiveCfg = Debug|Any CPU
		{3A218EC8-57CA-3EB9-581D-23C92A81817E}.Debug|Any CPU.Build.0 = Debug|Any CPU
		{3A218EC8-57CA-3EB9-581D-23C92A81817E}.Release|Any CPU.ActiveCfg = Release|Any CPU
		{3A218EC8-57CA-3EB9-581D-23C92A81817E}.Release|Any CPU.Build.0 = Release|Any CPU
		{0AA0E3B0-2DFA-5A37-7780-F27B866E6877}.Debug|Any CPU.ActiveCfg = Debug|Any CPU
		{0AA0E3B0-2DFA-5A37-7780-F27B866E6877}.Debug|Any CPU.Build.0 = Debug|Any CPU
		{0AA0E3B0-2DFA-5A37-7780-F27B866E6877}.Release|Any CPU.ActiveCfg = Release|Any CPU
		{0AA0E3B0-2DFA-5A37-7780-F27B866E6877}.Release|Any CPU.Build.0 = Release|Any CPU
	EndGlobalSection
	GlobalSection(SolutionProperties) = preSolution
		HideSolutionNode = FALSE
	EndGlobalSection
EndGlobal
